// !$*UTF8*$!
{
	archiveVersion = 1;
	classes = {
	};
	objectVersion = 50;
	objects = {

/* Begin PBXBuildFile section */
		98BF5CBE20B4119E00246959 /* AppDelegate.m in Sources */ = {isa = PBXBuildFile; fileRef = 98BF5CBD20B4119E00246959 /* AppDelegate.m */; };
		98BF5CC420B4119E00246959 /* Main.storyboard in Resources */ = {isa = PBXBuildFile; fileRef = 98BF5CC220B4119E00246959 /* Main.storyboard */; };
		98BF5CC620B4119F00246959 /* Assets.xcassets in Resources */ = {isa = PBXBuildFile; fileRef = 98BF5CC520B4119F00246959 /* Assets.xcassets */; };
		98BF5CC920B4119F00246959 /* LaunchScreen.storyboard in Resources */ = {isa = PBXBuildFile; fileRef = 98BF5CC720B4119F00246959 /* LaunchScreen.storyboard */; };
		98BF5CCC20B4119F00246959 /* main.m in Sources */ = {isa = PBXBuildFile; fileRef = 98BF5CCB20B4119F00246959 /* main.m */; };
		98BF5CD420B411B300246959 /* Person.m in Sources */ = {isa = PBXBuildFile; fileRef = 98BF5CD320B411B300246959 /* Person.m */; };
		98BF5CD720B412F400246959 /* PersonViewController.m in Sources */ = {isa = PBXBuildFile; fileRef = 98BF5CD620B412F400246959 /* PersonViewController.m */; };
		98BF5CDA20B4F6B100246959 /* PersonViewModel.m in Sources */ = {isa = PBXBuildFile; fileRef = 98BF5CD920B4F6B100246959 /* PersonViewModel.m */; };
/* End PBXBuildFile section */

/* Begin PBXFileReference section */
		98BF5CB920B4119E00246959 /* toy-mvvm-objc.app */ = {isa = PBXFileReference; explicitFileType = wrapper.application; includeInIndex = 0; path = "toy-mvvm-objc.app"; sourceTree = BUILT_PRODUCTS_DIR; };
		98BF5CBC20B4119E00246959 /* AppDelegate.h */ = {isa = PBXFileReference; lastKnownFileType = sourcecode.c.h; path = AppDelegate.h; sourceTree = "<group>"; };
		98BF5CBD20B4119E00246959 /* AppDelegate.m */ = {isa = PBXFileReference; lastKnownFileType = sourcecode.c.objc; path = AppDelegate.m; sourceTree = "<group>"; };
		98BF5CC320B4119E00246959 /* Base */ = {isa = PBXFileReference; lastKnownFileType = file.storyboard; name = Base; path = Base.lproj/Main.storyboard; sourceTree = "<group>"; };
		98BF5CC520B4119F00246959 /* Assets.xcassets */ = {isa = PBXFileReference; lastKnownFileType = folder.assetcatalog; path = Assets.xcassets; sourceTree = "<group>"; };
		98BF5CC820B4119F00246959 /* Base */ = {isa = PBXFileReference; lastKnownFileType = file.storyboard; name = Base; path = Base.lproj/LaunchScreen.storyboard; sourceTree = "<group>"; };
		98BF5CCA20B4119F00246959 /* Info.plist */ = {isa = PBXFileReference; lastKnownFileType = text.plist.xml; path = Info.plist; sourceTree = "<group>"; };
		98BF5CCB20B4119F00246959 /* main.m */ = {isa = PBXFileReference; lastKnownFileType = sourcecode.c.objc; path = main.m; sourceTree = "<group>"; };
		98BF5CD220B411B300246959 /* Person.h */ = {isa = PBXFileReference; lastKnownFileType = sourcecode.c.h; path = Person.h; sourceTree = "<group>"; };
		98BF5CD320B411B300246959 /* Person.m */ = {isa = PBXFileReference; lastKnownFileType = sourcecode.c.objc; path = Person.m; sourceTree = "<group>"; };
		98BF5CD520B412F400246959 /* PersonViewController.h */ = {isa = PBXFileReference; lastKnownFileType = sourcecode.c.h; path = PersonViewController.h; sourceTree = "<group>"; };
		98BF5CD620B412F400246959 /* PersonViewController.m */ = {isa = PBXFileReference; lastKnownFileType = sourcecode.c.objc; path = PersonViewController.m; sourceTree = "<group>"; };
		98BF5CD820B4F6B100246959 /* PersonViewModel.h */ = {isa = PBXFileReference; lastKnownFileType = sourcecode.c.h; path = PersonViewModel.h; sourceTree = "<group>"; };
		98BF5CD920B4F6B100246959 /* PersonViewModel.m */ = {isa = PBXFileReference; lastKnownFileType = sourcecode.c.objc; path = PersonViewModel.m; sourceTree = "<group>"; };
/* End PBXFileReference section */

/* Begin PBXFrameworksBuildPhase section */
		98BF5CB620B4119E00246959 /* Frameworks */ = {
			isa = PBXFrameworksBuildPhase;
			buildActionMask = 2147483647;
			files = (
			);
			runOnlyForDeploymentPostprocessing = 0;
		};
/* End PBXFrameworksBuildPhase section */

/* Begin PBXGroup section */
		98BF5CB020B4119E00246959 = {
			isa = PBXGroup;
			children = (
				98BF5CBB20B4119E00246959 /* toy-mvvm-objc */,
				98BF5CBA20B4119E00246959 /* Products */,
			);
			sourceTree = "<group>";
		};
		98BF5CBA20B4119E00246959 /* Products */ = {
			isa = PBXGroup;
			children = (
				98BF5CB920B4119E00246959 /* toy-mvvm-objc.app */,
			);
			name = Products;
			sourceTree = "<group>";
		};
		98BF5CBB20B4119E00246959 /* toy-mvvm-objc */ = {
			isa = PBXGroup;
			children = (
				98BF5CBC20B4119E00246959 /* AppDelegate.h */,
				98BF5CBD20B4119E00246959 /* AppDelegate.m */,
				98BF5CD220B411B300246959 /* Person.h */,
				98BF5CD320B411B300246959 /* Person.m */,
				98BF5CD820B4F6B100246959 /* PersonViewModel.h */,
				98BF5CD920B4F6B100246959 /* PersonViewModel.m */,
				98BF5CD520B412F400246959 /* PersonViewController.h */,
				98BF5CD620B412F400246959 /* PersonViewController.m */,
				98BF5CC220B4119E00246959 /* Main.storyboard */,
				98BF5CC520B4119F00246959 /* Assets.xcassets */,
				98BF5CC720B4119F00246959 /* LaunchScreen.storyboard */,
				98BF5CCA20B4119F00246959 /* Info.plist */,
				98BF5CCB20B4119F00246959 /* main.m */,
			);
			path = "toy-mvvm-objc";
			sourceTree = "<group>";
		};
/* End PBXGroup section */

/* Begin PBXNativeTarget section */
		98BF5CB820B4119E00246959 /* toy-mvvm-objc */ = {
			isa = PBXNativeTarget;
			buildConfigurationList = 98BF5CCF20B4119F00246959 /* Build configuration list for PBXNativeTarget "toy-mvvm-objc" */;
			buildPhases = (
				98BF5CB520B4119E00246959 /* Sources */,
				98BF5CB620B4119E00246959 /* Frameworks */,
				98BF5CB720B4119E00246959 /* Resources */,
			);
			buildRules = (
			);
			dependencies = (
			);
			name = "toy-mvvm-objc";
			productName = "toy-mvvm-objc";
			productReference = 98BF5CB920B4119E00246959 /* toy-mvvm-objc.app */;
			productType = "com.apple.product-type.application";
		};
/* End PBXNativeTarget section */

/* Begin PBXProject section */
		98BF5CB120B4119E00246959 /* Project object */ = {
			isa = PBXProject;
			attributes = {
				LastUpgradeCheck = 0930;
				ORGANIZATIONNAME = "Faiz Mokhtar";
				TargetAttributes = {
					98BF5CB820B4119E00246959 = {
						CreatedOnToolsVersion = 9.3.1;
					};
				};
			};
			buildConfigurationList = 98BF5CB420B4119E00246959 /* Build configuration list for PBXProject "toy-mvvm-objc" */;
			compatibilityVersion = "Xcode 9.3";
			developmentRegion = en;
			hasScannedForEncodings = 0;
			knownRegions = (
				en,
				Base,
			);
			mainGroup = 98BF5CB020B4119E00246959;
			productRefGroup = 98BF5CBA20B4119E00246959 /* Products */;
			projectDirPath = "";
			projectRoot = "";
			targets = (
				98BF5CB820B4119E00246959 /* toy-mvvm-objc */,
			);
		};
/* End PBXProject section */

/* Begin PBXResourcesBuildPhase section */
		98BF5CB720B4119E00246959 /* Resources */ = {
			isa = PBXResourcesBuildPhase;
			buildActionMask = 2147483647;
			files = (
				98BF5CC920B4119F00246959 /* LaunchScreen.storyboard in Resources */,
				98BF5CC620B4119F00246959 /* Assets.xcassets in Resources */,
				98BF5CC420B4119E00246959 /* Main.storyboard in Resources */,
			);
			runOnlyForDeploymentPostprocessing = 0;
		};
/* End PBXResourcesBuildPhase section */

/* Begin PBXSourcesBuildPhase section */
		98BF5CB520B4119E00246959 /* Sources */ = {
			isa = PBXSourcesBuildPhase;
			buildActionMask = 2147483647;
			files = (
				98BF5CDA20B4F6B100246959 /* PersonViewModel.m in Sources */,
				98BF5CCC20B4119F00246959 /* main.m in Sources */,
				98BF5CD420B411B300246959 /* Person.m in Sources */,
				98BF5CBE20B4119E00246959 /* AppDelegate.m in Sources */,
				98BF5CD720B412F400246959 /* PersonViewController.m in Sources */,
			);
			runOnlyForDeploymentPostprocessing = 0;
		};
/* End PBXSourcesBuildPhase section */

/* Begin PBXVariantGroup section */
		98BF5CC220B4119E00246959 /* Main.storyboard */ = {
			isa = PBXVariantGroup;
			children = (
				98BF5CC320B4119E00246959 /* Base */,
			);
			name = Main.storyboard;
			sourceTree = "<group>";
		};
		98BF5CC720B4119F00246959 /* LaunchScreen.storyboard */ = {
			isa = PBXVariantGroup;
			children = (
				98BF5CC820B4119F00246959 /* Base */,
			);
			name = LaunchScreen.storyboard;
			sourceTree = "<group>";
		};
/* End PBXVariantGroup section */

/* Begin XCBuildConfiguration section */
		98BF5CCD20B4119F00246959 /* Debug */ = {
			isa = XCBuildConfiguration;
			buildSettings = {
				ALWAYS_SEARCH_USER_PATHS = NO;
				CLANG_ANALYZER_NONNULL = YES;
				CLANG_ANALYZER_NUMBER_OBJECT_CONVERSION = YES_AGGRESSIVE;
				CLANG_CXX_LANGUAGE_STANDARD = "gnu++14";
				CLANG_CXX_LIBRARY = "libc++";
				CLANG_ENABLE_MODULES = YES;
				CLANG_ENABLE_OBJC_ARC = YES;
				CLANG_ENABLE_OBJC_WEAK = YES;
				CLANG_WARN_BLOCK_CAPTURE_AUTORELEASING = YES;
				CLANG_WARN_BOOL_CONVERSION = YES;
				CLANG_WARN_COMMA = YES;
				CLANG_WARN_CONSTANT_CONVERSION = YES;
				CLANG_WARN_DEPRECATED_OBJC_IMPLEMENTATIONS = YES;
				CLANG_WARN_DIRECT_OBJC_ISA_USAGE = YES_ERROR;
				CLANG_WARN_DOCUMENTATION_COMMENTS = YES;
				CLANG_WARN_EMPTY_BODY = YES;
				CLANG_WARN_ENUM_CONVERSION = YES;
				CLANG_WARN_INFINITE_RECURSION = YES;
				CLANG_WARN_INT_CONVERSION = YES;
				CLANG_WARN_NON_LITERAL_NULL_CONVERSION = YES;
				CLANG_WARN_OBJC_IMPLICIT_RETAIN_SELF = YES;
				CLANG_WARN_OBJC_LITERAL_CONVERSION = YES;
				CLANG_WARN_OBJC_ROOT_CLASS = YES_ERROR;
				CLANG_WARN_RANGE_LOOP_ANALYSIS = YES;
				CLANG_WARN_STRICT_PROTOTYPES = YES;
				CLANG_WARN_SUSPICIOUS_MOVE = YES;
				CLANG_WARN_UNGUARDED_AVAILABILITY = YES_AGGRESSIVE;
				CLANG_WARN_UNREACHABLE_CODE = YES;
				CLANG_WARN__DUPLICATE_METHOD_MATCH = YES;
				CODE_SIGN_IDENTITY = "iPhone Developer";
				COPY_PHASE_STRIP = NO;
				DEBUG_INFORMATION_FORMAT = dwarf;
				ENABLE_STRICT_OBJC_MSGSEND = YES;
				ENABLE_TESTABILITY = YES;
				GCC_C_LANGUAGE_STANDARD = gnu11;
				GCC_DYNAMIC_NO_PIC = NO;
				GCC_NO_COMMON_BLOCKS = YES;
				GCC_OPTIMIZATION_LEVEL = 0;
				GCC_PREPROCESSOR_DEFINITIONS = (
					"DEBUG=1",
					"$(inherited)",
				);
				GCC_WARN_64_TO_32_BIT_CONVERSION = YES;
				GCC_WARN_ABOUT_RETURN_TYPE = YES_ERROR;
				GCC_WARN_UNDECLARED_SELECTOR = YES;
				GCC_WARN_UNINITIALIZED_AUTOS = YES_AGGRESSIVE;
				GCC_WARN_UNUSED_FUNCTION = YES;
				GCC_WARN_UNUSED_VARIABLE = YES;
				IPHONEOS_DEPLOYMENT_TARGET = 11.3;
				MTL_ENABLE_DEBUG_INFO = YES;
				ONLY_ACTIVE_ARCH = YES;
				SDKROOT = iphoneos;
			};
			name = Debug;
		};
		98BF5CCE20B4119F00246959 /* Release */ = {
			isa = XCBuildConfiguration;
			buildSettings = {
				ALWAYS_SEARCH_USER_PATHS = NO;
				CLANG_ANALYZER_NONNULL = YES;
				CLANG_ANALYZER_NUMBER_OBJECT_CONVERSION = YES_AGGRESSIVE;
				CLANG_CXX_LANGUAGE_STANDARD = "gnu++14";
				CLANG_CXX_LIBRARY = "libc++";
				CLANG_ENABLE_MODULES = YES;
				CLANG_ENABLE_OBJC_ARC = YES;
				CLANG_ENABLE_OBJC_WEAK = YES;
				CLANG_WARN_BLOCK_CAPTURE_AUTORELEASING = YES;
				CLANG_WARN_BOOL_CONVERSION = YES;
				CLANG_WARN_COMMA = YES;
				CLANG_WARN_CONSTANT_CONVERSION = YES;
				CLANG_WARN_DEPRECATED_OBJC_IMPLEMENTATIONS = YES;
				CLANG_WARN_DIRECT_OBJC_ISA_USAGE = YES_ERROR;
				CLANG_WARN_DOCUMENTATION_COMMENTS = YES;
				CLANG_WARN_EMPTY_BODY = YES;
				CLANG_WARN_ENUM_CONVERSION = YES;
				CLANG_WARN_INFINITE_RECURSION = YES;
				CLANG_WARN_INT_CONVERSION = YES;
				CLANG_WARN_NON_LITERAL_NULL_CONVERSION = YES;
				CLANG_WARN_OBJC_IMPLICIT_RETAIN_SELF = YES;
				CLANG_WARN_OBJC_LITERAL_CONVERSION = YES;
				CLANG_WARN_OBJC_ROOT_CLASS = YES_ERROR;
				CLANG_WARN_RANGE_LOOP_ANALYSIS = YES;
				CLANG_WARN_STRICT_PROTOTYPES = YES;
				CLANG_WARN_SUSPICIOUS_MOVE = YES;
				CLANG_WARN_UNGUARDED_AVAILABILITY = YES_AGGRESSIVE;
				CLANG_WARN_UNREACHABLE_CODE = YES;
				CLANG_WARN__DUPLICATE_METHOD_MATCH = YES;
				CODE_SIGN_IDENTITY = "iPhone Developer";
				COPY_PHASE_STRIP = NO;
				DEBUG_INFORMATION_FORMAT = "dwarf-with-dsym";
				ENABLE_NS_ASSERTIONS = NO;
				ENABLE_STRICT_OBJC_MSGSEND = YES;
				GCC_C_LANGUAGE_STANDARD = gnu11;
				GCC_NO_COMMON_BLOCKS = YES;
				GCC_WARN_64_TO_32_BIT_CONVERSION = YES;
				GCC_WARN_ABOUT_RETURN_TYPE = YES_ERROR;
				GCC_WARN_UNDECLARED_SELECTOR = YES;
				GCC_WARN_UNINITIALIZED_AUTOS = YES_AGGRESSIVE;
				GCC_WARN_UNUSED_FUNCTION = YES;
				GCC_WARN_UNUSED_VARIABLE = YES;
				IPHONEOS_DEPLOYMENT_TARGET = 11.3;
				MTL_ENABLE_DEBUG_INFO = NO;
				SDKROOT = iphoneos;
				VALIDATE_PRODUCT = YES;
			};
			name = Release;
		};
		98BF5CD020B4119F00246959 /* Debug */ = {
			isa = XCBuildConfiguration;
			buildSettings = {
				ASSETCATALOG_COMPILER_APPICON_NAME = AppIcon;
				CODE_SIGN_STYLE = Automatic;
				DEVELOPMENT_TEAM = 96ZJY6AYCD;
				INFOPLIST_FILE = "toy-mvvm-objc/Info.plist";
				LD_RUNPATH_SEARCH_PATHS = (
					"$(inherited)",
					"@executable_path/Frameworks",
				);
				PRODUCT_BUNDLE_IDENTIFIER = "com.faizmokhtar.toy-mvvm-objc";
				PRODUCT_NAME = "$(TARGET_NAME)";
				TARGETED_DEVICE_FAMILY = "1,2";
			};
			name = Debug;
		};
		98BF5CD120B4119F00246959 /* Release */ = {
			isa = XCBuildConfiguration;
			buildSettings = {
				ASSETCATALOG_COMPILER_APPICON_NAME = AppIcon;
				CODE_SIGN_STYLE = Automatic;
				DEVELOPMENT_TEAM = 96ZJY6AYCD;
				INFOPLIST_FILE = "toy-mvvm-objc/Info.plist";
				LD_RUNPATH_SEARCH_PATHS = (
					"$(inherited)",
					"@executable_path/Frameworks",
				);
				PRODUCT_BUNDLE_IDENTIFIER = "com.faizmokhtar.toy-mvvm-objc";
				PRODUCT_NAME = "$(TARGET_NAME)";
				TARGETED_DEVICE_FAMILY = "1,2";
			};
			name = Release;
		};
/* End XCBuildConfiguration section */

/* Begin XCConfigurationList section */
		98BF5CB420B4119E00246959 /* Build configuration list for PBXProject "toy-mvvm-objc" */ = {
			isa = XCConfigurationList;
			buildConfigurations = (
				98BF5CCD20B4119F00246959 /* Debug */,
				98BF5CCE20B4119F00246959 /* Release */,
			);
			defaultConfigurationIsVisible = 0;
			defaultConfigurationName = Release;
		};
		98BF5CCF20B4119F00246959 /* Build configuration list for PBXNativeTarget "toy-mvvm-objc" */ = {
			isa = XCConfigurationList;
			buildConfigurations = (
				98BF5CD020B4119F00246959 /* Debug */,
				98BF5CD120B4119F00246959 /* Release */,
			);
			defaultConfigurationIsVisible = 0;
			defaultConfigurationName = Release;
		};
/* End XCConfigurationList section */
	};
	rootObject = 98BF5CB120B4119E00246959 /* Project object */;
}
